
Microsoft Visual Studio Solution File, Format Version 12.00
# Visual Studio 2013
VisualStudioVersion = 12.0.21005.1
MinimumVisualStudioVersion = 10.0.40219.1
Project("{FAE04EC0-301F-11D3-BF4B-00C04F79EFBC}") = "SearchEngine", "SearchEngine\SearchEngine.csproj", "{8DAC4320-E576-4C92-9778-0796ED5E5D96}"
EndProject
Project("{FAE04EC0-301F-11D3-BF4B-00C04F79EFBC}") = "Crawler", "Crawler\Crawler.csproj", "{5853B413-3B10-433C-8F0E-DFCC55552833}"
EndProject
Global
	GlobalSection(SolutionConfigurationPlatforms) = preSolution
		Debug|Any CPU = Debug|Any CPU
		Release|Any CPU = Release|Any CPU
	EndGlobalSection
	GlobalSection(ProjectConfigurationPlatforms) = postSolution
		{8DAC4320-E576-4C92-9778-0796ED5E5D96}.Debug|Any CPU.ActiveCfg = Debug|Any CPU
		{8DAC4320-E576-4C92-9778-0796ED5E5D96}.Debug|Any CPU.Build.0 = Debug|Any CPU
		{8DAC4320-E576-4C92-9778-0796ED5E5D96}.Release|Any CPU.ActiveCfg = Release|Any CPU
		{8DAC4320-E576-4C92-9778-0796ED5E5D96}.Release|Any CPU.Build.0 = Release|Any CPU
		{5853B413-3B10-433C-8F0E-DFCC55552833}.Debug|Any CPU.ActiveCfg = Debug|Any CPU
		{5853B413-3B10-433C-8F0E-DFCC55552833}.Debug|Any CPU.Build.0 = Debug|Any CPU
		{5853B413-3B10-433C-8F0E-DFCC55552833}.Release|Any CPU.ActiveCfg = Release|Any CPU
		{5853B413-3B10-433C-8F0E-DFCC55552833}.Release|Any CPU.Build.0 = Release|Any CPU
	EndGlobalSection
	GlobalSection(SolutionProperties) = preSolution
		HideSolutionNode = FALSE
	EndGlobalSection
EndGlobal
